
Microsoft Visual Studio Solution File, Format Version 12.00
# Visual Studio Version 17
VisualStudioVersion = 17.3.32929.385
MinimumVisualStudioVersion = 10.0.40219.1
Project("{9A19103F-16F7-4668-BE54-9A1E7A4F7556}") = "ContainsDuplicate", "ContainsDuplicate\ContainsDuplicate.csproj", "{680A9FD8-F8A4-49D8-AE99-E691740E48F6}"
EndProject
Project("{FAE04EC0-301F-11D3-BF4B-00C04F79EFBC}") = "ValidAnagram", "ValidAnagram\ValidAnagram.csproj", "{FD91E2DA-2E2A-4E73-AC91-8A74D8138CA2}"
EndProject
Project("{FAE04EC0-301F-11D3-BF4B-00C04F79EFBC}") = "BinarySearch", "BinarySearch\BinarySearch.csproj", "{DF991ECF-E92E-4062-9F11-3EB3BF7EA4A0}"
EndProject
Project("{FAE04EC0-301F-11D3-BF4B-00C04F79EFBC}") = "ReverseLinkedList", "StepClimbing\ReverseLinkedList.csproj", "{F7BA86B6-C552-436F-B1EE-D067F08F7106}"
EndProject
Global
	GlobalSection(SolutionConfigurationPlatforms) = preSolution
		Debug|Any CPU = Debug|Any CPU
		Release|Any CPU = Release|Any CPU
	EndGlobalSection
	GlobalSection(ProjectConfigurationPlatforms) = postSolution
		{680A9FD8-F8A4-49D8-AE99-E691740E48F6}.Debug|Any CPU.ActiveCfg = Debug|Any CPU
		{680A9FD8-F8A4-49D8-AE99-E691740E48F6}.Debug|Any CPU.Build.0 = Debug|Any CPU
		{680A9FD8-F8A4-49D8-AE99-E691740E48F6}.Release|Any CPU.ActiveCfg = Release|Any CPU
		{680A9FD8-F8A4-49D8-AE99-E691740E48F6}.Release|Any CPU.Build.0 = Release|Any CPU
		{FD91E2DA-2E2A-4E73-AC91-8A74D8138CA2}.Debug|Any CPU.ActiveCfg = Debug|Any CPU
		{FD91E2DA-2E2A-4E73-AC91-8A74D8138CA2}.Debug|Any CPU.Build.0 = Debug|Any CPU
		{FD91E2DA-2E2A-4E73-AC91-8A74D8138CA2}.Release|Any CPU.ActiveCfg = Release|Any CPU
		{FD91E2DA-2E2A-4E73-AC91-8A74D8138CA2}.Release|Any CPU.Build.0 = Release|Any CPU
		{DF991ECF-E92E-4062-9F11-3EB3BF7EA4A0}.Debug|Any CPU.ActiveCfg = Debug|Any CPU
		{DF991ECF-E92E-4062-9F11-3EB3BF7EA4A0}.Debug|Any CPU.Build.0 = Debug|Any CPU
		{DF991ECF-E92E-4062-9F11-3EB3BF7EA4A0}.Release|Any CPU.ActiveCfg = Release|Any CPU
		{DF991ECF-E92E-4062-9F11-3EB3BF7EA4A0}.Release|Any CPU.Build.0 = Release|Any CPU
		{F7BA86B6-C552-436F-B1EE-D067F08F7106}.Debug|Any CPU.ActiveCfg = Debug|Any CPU
		{F7BA86B6-C552-436F-B1EE-D067F08F7106}.Debug|Any CPU.Build.0 = Debug|Any CPU
		{F7BA86B6-C552-436F-B1EE-D067F08F7106}.Release|Any CPU.ActiveCfg = Release|Any CPU
		{F7BA86B6-C552-436F-B1EE-D067F08F7106}.Release|Any CPU.Build.0 = Release|Any CPU
	EndGlobalSection
	GlobalSection(SolutionProperties) = preSolution
		HideSolutionNode = FALSE
	EndGlobalSection
	GlobalSection(ExtensibilityGlobals) = postSolution
		SolutionGuid = {54332EC5-FE75-433D-B70C-0E6437E91A14}
	EndGlobalSection
EndGlobal
