
Microsoft Visual Studio Solution File, Format Version 12.00
# Visual Studio Version 17
VisualStudioVersion = 17.3.32929.385
MinimumVisualStudioVersion = 10.0.40219.1
Project("{9A19103F-16F7-4668-BE54-9A1E7A4F7556}") = "ContainsDuplicate", "ContainsDuplicate\ContainsDuplicate.csproj", "{680A9FD8-F8A4-49D8-AE99-E691740E48F6}"
EndProject
Project("{9A19103F-16F7-4668-BE54-9A1E7A4F7556}") = "ValidAnagram", "ValidAnagram\ValidAnagram.csproj", "{FD91E2DA-2E2A-4E73-AC91-8A74D8138CA2}"
EndProject
Project("{9A19103F-16F7-4668-BE54-9A1E7A4F7556}") = "BinarySearch", "BinarySearch\BinarySearch.csproj", "{DF991ECF-E92E-4062-9F11-3EB3BF7EA4A0}"
EndProject
Project("{9A19103F-16F7-4668-BE54-9A1E7A4F7556}") = "ReverseLinkedList", "StepClimbing\ReverseLinkedList.csproj", "{F7BA86B6-C552-436F-B1EE-D067F08F7106}"
EndProject
Project("{9A19103F-16F7-4668-BE54-9A1E7A4F7556}") = "Heap_PriorityQueue", "Heap_PriorityQueue\Heap_PriorityQueue.csproj", "{512257AA-D95E-48A8-AD9C-C065B575DD4D}"
EndProject
Project("{9A19103F-16F7-4668-BE54-9A1E7A4F7556}") = "BinaryTree", "BinaryTree\BinaryTree.csproj", "{0EB7AA2C-0CAE-48F5-A650-2F946ACCCF8E}"
EndProject
Project("{9A19103F-16F7-4668-BE54-9A1E7A4F7556}") = "ValidParenthesis", "ValidParenthesis\ValidParenthesis.csproj", "{88A2B47D-DDDC-49F1-8BF4-4797CE870C9A}"
EndProject
Project("{9A19103F-16F7-4668-BE54-9A1E7A4F7556}") = "RickysProblem", "RickysProblem\RickysProblem.csproj", "{22D18ECE-8FA6-40A3-9FA9-3004EA32F923}"
EndProject
Project("{9A19103F-16F7-4668-BE54-9A1E7A4F7556}") = "ErikChallenge", "..\..\..\ErikChallenge\ErikChallenge\ErikChallenge.csproj", "{E9597B5F-A5BC-4FE1-8D03-AFED09AFCAE5}"
EndProject
Project("{FAE04EC0-301F-11D3-BF4B-00C04F79EFBC}") = "LeastCommonAncestor", "LeastCommonAncestor\LeastCommonAncestor.csproj", "{086542E7-2886-46E2-B2DC-13297F09945A}"
EndProject
Global
	GlobalSection(SolutionConfigurationPlatforms) = preSolution
		Debug|Any CPU = Debug|Any CPU
		Release|Any CPU = Release|Any CPU
	EndGlobalSection
	GlobalSection(ProjectConfigurationPlatforms) = postSolution
		{680A9FD8-F8A4-49D8-AE99-E691740E48F6}.Debug|Any CPU.ActiveCfg = Debug|Any CPU
		{680A9FD8-F8A4-49D8-AE99-E691740E48F6}.Debug|Any CPU.Build.0 = Debug|Any CPU
		{680A9FD8-F8A4-49D8-AE99-E691740E48F6}.Release|Any CPU.ActiveCfg = Release|Any CPU
		{680A9FD8-F8A4-49D8-AE99-E691740E48F6}.Release|Any CPU.Build.0 = Release|Any CPU
		{FD91E2DA-2E2A-4E73-AC91-8A74D8138CA2}.Debug|Any CPU.ActiveCfg = Debug|Any CPU
		{FD91E2DA-2E2A-4E73-AC91-8A74D8138CA2}.Debug|Any CPU.Build.0 = Debug|Any CPU
		{FD91E2DA-2E2A-4E73-AC91-8A74D8138CA2}.Release|Any CPU.ActiveCfg = Release|Any CPU
		{FD91E2DA-2E2A-4E73-AC91-8A74D8138CA2}.Release|Any CPU.Build.0 = Release|Any CPU
		{DF991ECF-E92E-4062-9F11-3EB3BF7EA4A0}.Debug|Any CPU.ActiveCfg = Debug|Any CPU
		{DF991ECF-E92E-4062-9F11-3EB3BF7EA4A0}.Debug|Any CPU.Build.0 = Debug|Any CPU
		{DF991ECF-E92E-4062-9F11-3EB3BF7EA4A0}.Release|Any CPU.ActiveCfg = Release|Any CPU
		{DF991ECF-E92E-4062-9F11-3EB3BF7EA4A0}.Release|Any CPU.Build.0 = Release|Any CPU
		{F7BA86B6-C552-436F-B1EE-D067F08F7106}.Debug|Any CPU.ActiveCfg = Debug|Any CPU
		{F7BA86B6-C552-436F-B1EE-D067F08F7106}.Debug|Any CPU.Build.0 = Debug|Any CPU
		{F7BA86B6-C552-436F-B1EE-D067F08F7106}.Release|Any CPU.ActiveCfg = Release|Any CPU
		{F7BA86B6-C552-436F-B1EE-D067F08F7106}.Release|Any CPU.Build.0 = Release|Any CPU
		{512257AA-D95E-48A8-AD9C-C065B575DD4D}.Debug|Any CPU.ActiveCfg = Debug|Any CPU
		{512257AA-D95E-48A8-AD9C-C065B575DD4D}.Debug|Any CPU.Build.0 = Debug|Any CPU
		{512257AA-D95E-48A8-AD9C-C065B575DD4D}.Release|Any CPU.ActiveCfg = Release|Any CPU
		{512257AA-D95E-48A8-AD9C-C065B575DD4D}.Release|Any CPU.Build.0 = Release|Any CPU
		{0EB7AA2C-0CAE-48F5-A650-2F946ACCCF8E}.Debug|Any CPU.ActiveCfg = Debug|Any CPU
		{0EB7AA2C-0CAE-48F5-A650-2F946ACCCF8E}.Debug|Any CPU.Build.0 = Debug|Any CPU
		{0EB7AA2C-0CAE-48F5-A650-2F946ACCCF8E}.Release|Any CPU.ActiveCfg = Release|Any CPU
		{0EB7AA2C-0CAE-48F5-A650-2F946ACCCF8E}.Release|Any CPU.Build.0 = Release|Any CPU
		{88A2B47D-DDDC-49F1-8BF4-4797CE870C9A}.Debug|Any CPU.ActiveCfg = Debug|Any CPU
		{88A2B47D-DDDC-49F1-8BF4-4797CE870C9A}.Debug|Any CPU.Build.0 = Debug|Any CPU
		{88A2B47D-DDDC-49F1-8BF4-4797CE870C9A}.Release|Any CPU.ActiveCfg = Release|Any CPU
		{88A2B47D-DDDC-49F1-8BF4-4797CE870C9A}.Release|Any CPU.Build.0 = Release|Any CPU
		{22D18ECE-8FA6-40A3-9FA9-3004EA32F923}.Debug|Any CPU.ActiveCfg = Debug|Any CPU
		{22D18ECE-8FA6-40A3-9FA9-3004EA32F923}.Debug|Any CPU.Build.0 = Debug|Any CPU
		{22D18ECE-8FA6-40A3-9FA9-3004EA32F923}.Release|Any CPU.ActiveCfg = Release|Any CPU
		{22D18ECE-8FA6-40A3-9FA9-3004EA32F923}.Release|Any CPU.Build.0 = Release|Any CPU
		{E9597B5F-A5BC-4FE1-8D03-AFED09AFCAE5}.Debug|Any CPU.ActiveCfg = Debug|Any CPU
		{E9597B5F-A5BC-4FE1-8D03-AFED09AFCAE5}.Debug|Any CPU.Build.0 = Debug|Any CPU
		{E9597B5F-A5BC-4FE1-8D03-AFED09AFCAE5}.Release|Any CPU.ActiveCfg = Release|Any CPU
		{E9597B5F-A5BC-4FE1-8D03-AFED09AFCAE5}.Release|Any CPU.Build.0 = Release|Any CPU
		{086542E7-2886-46E2-B2DC-13297F09945A}.Debug|Any CPU.ActiveCfg = Debug|Any CPU
		{086542E7-2886-46E2-B2DC-13297F09945A}.Debug|Any CPU.Build.0 = Debug|Any CPU
		{086542E7-2886-46E2-B2DC-13297F09945A}.Release|Any CPU.ActiveCfg = Release|Any CPU
		{086542E7-2886-46E2-B2DC-13297F09945A}.Release|Any CPU.Build.0 = Release|Any CPU
	EndGlobalSection
	GlobalSection(SolutionProperties) = preSolution
		HideSolutionNode = FALSE
	EndGlobalSection
	GlobalSection(ExtensibilityGlobals) = postSolution
		SolutionGuid = {54332EC5-FE75-433D-B70C-0E6437E91A14}
	EndGlobalSection
EndGlobal
